// !$*UTF8*$!
{
	archiveVersion = 1;
	classes = {
	};
	objectVersion = 52;
	objects = {

/* Begin PBXBuildFile section */
		25040AA525DE3C150015AA0C /* SwiftDate in Frameworks */ = {isa = PBXBuildFile; productRef = 25040AA425DE3C150015AA0C /* SwiftDate */; };
		25040AAB25DE3CED0015AA0C /* SwiftDate in Frameworks */ = {isa = PBXBuildFile; productRef = 25040AAA25DE3CED0015AA0C /* SwiftDate */; };
		25040AB125DE46C20015AA0C /* MatchDetails.swift in Sources */ = {isa = PBXBuildFile; fileRef = 25040AB025DE46C20015AA0C /* MatchDetails.swift */; };
		25040AB225DE46C20015AA0C /* MatchDetails.swift in Sources */ = {isa = PBXBuildFile; fileRef = 25040AB025DE46C20015AA0C /* MatchDetails.swift */; };
		25040AB925DE4CB80015AA0C /* MatchDetailView.swift in Sources */ = {isa = PBXBuildFile; fileRef = 25040AB825DE4CB80015AA0C /* MatchDetailView.swift */; };
		25040ABA25DE4CB80015AA0C /* MatchDetailView.swift in Sources */ = {isa = PBXBuildFile; fileRef = 25040AB825DE4CB80015AA0C /* MatchDetailView.swift */; };
		25040AC025DE4CCD0015AA0C /* MatchDetailPage.swift in Sources */ = {isa = PBXBuildFile; fileRef = 25040ABF25DE4CCD0015AA0C /* MatchDetailPage.swift */; };
		25040AC125DE4CCD0015AA0C /* MatchDetailPage.swift in Sources */ = {isa = PBXBuildFile; fileRef = 25040ABF25DE4CCD0015AA0C /* MatchDetailPage.swift */; };
		25040AC725DE51A60015AA0C /* avatarView.swift in Sources */ = {isa = PBXBuildFile; fileRef = 25040AC625DE51A60015AA0C /* avatarView.swift */; };
		25040AC825DE51A60015AA0C /* avatarView.swift in Sources */ = {isa = PBXBuildFile; fileRef = 25040AC625DE51A60015AA0C /* avatarView.swift */; };
		25040ACF25DE56BD0015AA0C /* InfoCard.swift in Sources */ = {isa = PBXBuildFile; fileRef = 25040ACE25DE56BD0015AA0C /* InfoCard.swift */; };
		25040AD025DE56BD0015AA0C /* InfoCard.swift in Sources */ = {isa = PBXBuildFile; fileRef = 25040ACE25DE56BD0015AA0C /* InfoCard.swift */; };
		25040ADB25DE59F70015AA0C /* countries.json in Resources */ = {isa = PBXBuildFile; fileRef = 25040AD925DE59F70015AA0C /* countries.json */; };
		25040ADC25DE59F70015AA0C /* countries.json in Resources */ = {isa = PBXBuildFile; fileRef = 25040AD925DE59F70015AA0C /* countries.json */; };
		25040ADD25DE59F70015AA0C /* game_mode.json in Resources */ = {isa = PBXBuildFile; fileRef = 25040ADA25DE59F70015AA0C /* game_mode.json */; };
		25040ADE25DE59F70015AA0C /* game_mode.json in Resources */ = {isa = PBXBuildFile; fileRef = 25040ADA25DE59F70015AA0C /* game_mode.json */; };
		25040AE425DE5A310015AA0C /* Region.swift in Sources */ = {isa = PBXBuildFile; fileRef = 25040AE325DE5A310015AA0C /* Region.swift */; };
		25040AE525DE5A310015AA0C /* Region.swift in Sources */ = {isa = PBXBuildFile; fileRef = 25040AE325DE5A310015AA0C /* Region.swift */; };
		25040AEB25DE5A660015AA0C /* GameMode.swift in Sources */ = {isa = PBXBuildFile; fileRef = 25040AEA25DE5A660015AA0C /* GameMode.swift */; };
		25040AEC25DE5A660015AA0C /* GameMode.swift in Sources */ = {isa = PBXBuildFile; fileRef = 25040AEA25DE5A660015AA0C /* GameMode.swift */; };
		25040AF225DE5B870015AA0C /* region.json in Resources */ = {isa = PBXBuildFile; fileRef = 25040AF125DE5B870015AA0C /* region.json */; };
		25040AF325DE5B870015AA0C /* region.json in Resources */ = {isa = PBXBuildFile; fileRef = 25040AF125DE5B870015AA0C /* region.json */; };
		25040B0C25DE6FA10015AA0C /* DetailPlayerRow.swift in Sources */ = {isa = PBXBuildFile; fileRef = 25040B0B25DE6FA10015AA0C /* DetailPlayerRow.swift */; };
		25040B0D25DE6FA10015AA0C /* DetailPlayerRow.swift in Sources */ = {isa = PBXBuildFile; fileRef = 25040B0B25DE6FA10015AA0C /* DetailPlayerRow.swift */; };
		25040B1325DE89E60015AA0C /* HeroModel.swift in Sources */ = {isa = PBXBuildFile; fileRef = 25040B1225DE89E60015AA0C /* HeroModel.swift */; };
		25040B1425DE89E60015AA0C /* HeroModel.swift in Sources */ = {isa = PBXBuildFile; fileRef = 25040B1225DE89E60015AA0C /* HeroModel.swift */; };
		25040B1A25DE8A9B0015AA0C /* MatchHero.swift in Sources */ = {isa = PBXBuildFile; fileRef = 25040B1925DE8A9B0015AA0C /* MatchHero.swift */; };
		25040B1B25DE8A9B0015AA0C /* MatchHero.swift in Sources */ = {isa = PBXBuildFile; fileRef = 25040B1925DE8A9B0015AA0C /* MatchHero.swift */; };
		25040B2725DE951A0015AA0C /* permanent_buffs.json in Resources */ = {isa = PBXBuildFile; fileRef = 25040B2025DE95190015AA0C /* permanent_buffs.json */; };
		25040B2825DE951A0015AA0C /* permanent_buffs.json in Resources */ = {isa = PBXBuildFile; fileRef = 25040B2025DE95190015AA0C /* permanent_buffs.json */; };
		25040B2925DE951A0015AA0C /* item_ids.json in Resources */ = {isa = PBXBuildFile; fileRef = 25040B2125DE95190015AA0C /* item_ids.json */; };
		25040B2A25DE951A0015AA0C /* item_ids.json in Resources */ = {isa = PBXBuildFile; fileRef = 25040B2125DE95190015AA0C /* item_ids.json */; };
		25040B2B25DE951A0015AA0C /* hero_abilities.json in Resources */ = {isa = PBXBuildFile; fileRef = 25040B2225DE95190015AA0C /* hero_abilities.json */; };
		25040B2C25DE951A0015AA0C /* hero_abilities.json in Resources */ = {isa = PBXBuildFile; fileRef = 25040B2225DE95190015AA0C /* hero_abilities.json */; };
		25040B2D25DE951A0015AA0C /* items.json in Resources */ = {isa = PBXBuildFile; fileRef = 25040B2325DE95190015AA0C /* items.json */; };
		25040B2E25DE951A0015AA0C /* items.json in Resources */ = {isa = PBXBuildFile; fileRef = 25040B2325DE95190015AA0C /* items.json */; };
		25040B2F25DE951A0015AA0C /* abilities.json in Resources */ = {isa = PBXBuildFile; fileRef = 25040B2425DE95190015AA0C /* abilities.json */; };
		25040B3025DE951A0015AA0C /* abilities.json in Resources */ = {isa = PBXBuildFile; fileRef = 25040B2425DE95190015AA0C /* abilities.json */; };
		25040B3125DE951A0015AA0C /* ability_ids.json in Resources */ = {isa = PBXBuildFile; fileRef = 25040B2525DE95190015AA0C /* ability_ids.json */; };
		25040B3225DE951A0015AA0C /* ability_ids.json in Resources */ = {isa = PBXBuildFile; fileRef = 25040B2525DE95190015AA0C /* ability_ids.json */; };
		25040B3325DE951A0015AA0C /* neutral_abilities.json in Resources */ = {isa = PBXBuildFile; fileRef = 25040B2625DE951A0015AA0C /* neutral_abilities.json */; };
		25040B3425DE951A0015AA0C /* neutral_abilities.json in Resources */ = {isa = PBXBuildFile; fileRef = 25040B2625DE951A0015AA0C /* neutral_abilities.json */; };
		25040B3A25DE95C20015AA0C /* Ability.swift in Sources */ = {isa = PBXBuildFile; fileRef = 25040B3925DE95C20015AA0C /* Ability.swift */; };
		25040B3B25DE95C20015AA0C /* Ability.swift in Sources */ = {isa = PBXBuildFile; fileRef = 25040B3925DE95C20015AA0C /* Ability.swift */; };
		25040B4125DE96040015AA0C /* AbilityIds.swift in Sources */ = {isa = PBXBuildFile; fileRef = 25040B4025DE96040015AA0C /* AbilityIds.swift */; };
		25040B4225DE96040015AA0C /* AbilityIds.swift in Sources */ = {isa = PBXBuildFile; fileRef = 25040B4025DE96040015AA0C /* AbilityIds.swift */; };
		25040B4825DE96CE0015AA0C /* Item.swift in Sources */ = {isa = PBXBuildFile; fileRef = 25040B4725DE96CE0015AA0C /* Item.swift */; };
		25040B4925DE96CE0015AA0C /* Item.swift in Sources */ = {isa = PBXBuildFile; fileRef = 25040B4725DE96CE0015AA0C /* Item.swift */; };
		25040B5825DE975C0015AA0C /* ItemIds.swift in Sources */ = {isa = PBXBuildFile; fileRef = 25040B5725DE975C0015AA0C /* ItemIds.swift */; };
		25040B5925DE975C0015AA0C /* ItemIds.swift in Sources */ = {isa = PBXBuildFile; fileRef = 25040B5725DE975C0015AA0C /* ItemIds.swift */; };
		25040B5F25DE97FB0015AA0C /* HeroAbility.swift in Sources */ = {isa = PBXBuildFile; fileRef = 25040B5E25DE97FB0015AA0C /* HeroAbility.swift */; };
		25040B6025DE97FB0015AA0C /* HeroAbility.swift in Sources */ = {isa = PBXBuildFile; fileRef = 25040B5E25DE97FB0015AA0C /* HeroAbility.swift */; };
		25040B6625DEA64B0015AA0C /* String+extensions.swift in Sources */ = {isa = PBXBuildFile; fileRef = 25040B6525DEA64B0015AA0C /* String+extensions.swift */; };
		25040B6725DEA64B0015AA0C /* String+extensions.swift in Sources */ = {isa = PBXBuildFile; fileRef = 25040B6525DEA64B0015AA0C /* String+extensions.swift */; };
		2555C05125E1426000994F5D /* SwiftDataTables in Frameworks */ = {isa = PBXBuildFile; productRef = 2555C05025E1426000994F5D /* SwiftDataTables */; };
		255BC8F225DEB9F100946641 /* ItemGrid.swift in Sources */ = {isa = PBXBuildFile; fileRef = 255BC8F125DEB9F100946641 /* ItemGrid.swift */; };
		255BC8F325DEB9F100946641 /* ItemGrid.swift in Sources */ = {isa = PBXBuildFile; fileRef = 255BC8F125DEB9F100946641 /* ItemGrid.swift */; };
		255BC8F925DEE66600946641 /* SkillsUpgrade.swift in Sources */ = {isa = PBXBuildFile; fileRef = 255BC8F825DEE66600946641 /* SkillsUpgrade.swift */; };
		255BC8FA25DEE66600946641 /* SkillsUpgrade.swift in Sources */ = {isa = PBXBuildFile; fileRef = 255BC8F825DEE66600946641 /* SkillsUpgrade.swift */; };
		2579938425DF821700DF6453 /* RealmSwift in Frameworks */ = {isa = PBXBuildFile; productRef = 2579938325DF821700DF6453 /* RealmSwift */; };
		2579938625DF821700DF6453 /* Realm in Frameworks */ = {isa = PBXBuildFile; productRef = 2579938525DF821700DF6453 /* Realm */; };
		2579938C25DF824E00DF6453 /* RealmSwift in Frameworks */ = {isa = PBXBuildFile; productRef = 2579938B25DF824E00DF6453 /* RealmSwift */; };
		257993BC25DF98F400DF6453 /* dota2_info.xcdatamodeld in Sources */ = {isa = PBXBuildFile; fileRef = 257993B925DF98F400DF6453 /* dota2_info.xcdatamodeld */; };
		257993BD25DF98F400DF6453 /* dota2_info.xcdatamodeld in Sources */ = {isa = PBXBuildFile; fileRef = 257993B925DF98F400DF6453 /* dota2_info.xcdatamodeld */; };
		257993C725DF996000DF6453 /* MatchDetailsDB.swift in Sources */ = {isa = PBXBuildFile; fileRef = 257993C625DF996000DF6453 /* MatchDetailsDB.swift */; };
		257993C825DF996000DF6453 /* MatchDetailsDB.swift in Sources */ = {isa = PBXBuildFile; fileRef = 257993C625DF996000DF6453 /* MatchDetailsDB.swift */; };
		257993CE25DF9D9200DF6453 /* extensions+MatchDetailDB.swift in Sources */ = {isa = PBXBuildFile; fileRef = 257993CD25DF9D9200DF6453 /* extensions+MatchDetailDB.swift */; };
		257993CF25DF9D9200DF6453 /* extensions+MatchDetailDB.swift in Sources */ = {isa = PBXBuildFile; fileRef = 257993CD25DF9D9200DF6453 /* extensions+MatchDetailDB.swift */; };
		257993D925DFE8AE00DF6453 /* UserNotifications.framework in Frameworks */ = {isa = PBXBuildFile; fileRef = 257993D825DFE8AD00DF6453 /* UserNotifications.framework */; };
		257993DF25E0F8B000DF6453 /* HeroAvatar.swift in Sources */ = {isa = PBXBuildFile; fileRef = 257993DE25E0F8B000DF6453 /* HeroAvatar.swift */; };
		257993E025E0F8B000DF6453 /* HeroAvatar.swift in Sources */ = {isa = PBXBuildFile; fileRef = 257993DE25E0F8B000DF6453 /* HeroAvatar.swift */; };
		257F803E25DD8C050087D339 /* Kingfisher in Frameworks */ = {isa = PBXBuildFile; productRef = 257F803D25DD8C050087D339 /* Kingfisher */; };
		257F804525DD8F070087D339 /* Kingfisher in Frameworks */ = {isa = PBXBuildFile; productRef = 257F804425DD8F070087D339 /* Kingfisher */; };
		257F805325DDA3C40087D339 /* PlayerRow.swift in Sources */ = {isa = PBXBuildFile; fileRef = 257F805225DDA3C40087D339 /* PlayerRow.swift */; };
		257F805425DDA3C40087D339 /* PlayerRow.swift in Sources */ = {isa = PBXBuildFile; fileRef = 257F805225DDA3C40087D339 /* PlayerRow.swift */; };
		257F805B25DDABE70087D339 /* MatchHistory.swift in Sources */ = {isa = PBXBuildFile; fileRef = 257F805A25DDABE70087D339 /* MatchHistory.swift */; };
		257F805C25DDABE70087D339 /* MatchHistory.swift in Sources */ = {isa = PBXBuildFile; fileRef = 257F805A25DDABE70087D339 /* MatchHistory.swift */; };
		257F806625DE24690087D339 /* MatchModel.swift in Sources */ = {isa = PBXBuildFile; fileRef = 257F806525DE24690087D339 /* MatchModel.swift */; };
		257F806725DE24690087D339 /* MatchModel.swift in Sources */ = {isa = PBXBuildFile; fileRef = 257F806525DE24690087D339 /* MatchModel.swift */; };
		257F806D25DE24980087D339 /* Match.swift in Sources */ = {isa = PBXBuildFile; fileRef = 257F806C25DE24980087D339 /* Match.swift */; };
		257F806E25DE24980087D339 /* Match.swift in Sources */ = {isa = PBXBuildFile; fileRef = 257F806C25DE24980087D339 /* Match.swift */; };
		257F807425DE283D0087D339 /* MatchHistoryRow.swift in Sources */ = {isa = PBXBuildFile; fileRef = 257F807325DE283D0087D339 /* MatchHistoryRow.swift */; };
		257F807525DE283D0087D339 /* MatchHistoryRow.swift in Sources */ = {isa = PBXBuildFile; fileRef = 257F807325DE283D0087D339 /* MatchHistoryRow.swift */; };
		257F807B25DE2B1A0087D339 /* Hero.swift in Sources */ = {isa = PBXBuildFile; fileRef = 257F807A25DE2B1A0087D339 /* Hero.swift */; };
		257F807C25DE2B1A0087D339 /* Hero.swift in Sources */ = {isa = PBXBuildFile; fileRef = 257F807A25DE2B1A0087D339 /* Hero.swift */; };
		257F808325DE2C9D0087D339 /* heroes.json in Resources */ = {isa = PBXBuildFile; fileRef = 257F808225DE2C9D0087D339 /* heroes.json */; };
		257F808425DE2C9D0087D339 /* heroes.json in Resources */ = {isa = PBXBuildFile; fileRef = 257F808225DE2C9D0087D339 /* heroes.json */; };
		25BE0F2E25DD5D0D005B5664 /* Tests_iOS.swift in Sources */ = {isa = PBXBuildFile; fileRef = 25BE0F2D25DD5D0D005B5664 /* Tests_iOS.swift */; };
		25BE0F3925DD5D0D005B5664 /* Tests_macOS.swift in Sources */ = {isa = PBXBuildFile; fileRef = 25BE0F3825DD5D0D005B5664 /* Tests_macOS.swift */; };
		25BE0F3D25DD5D0D005B5664 /* dota2_infoApp.swift in Sources */ = {isa = PBXBuildFile; fileRef = 25BE0F1125DD5D0C005B5664 /* dota2_infoApp.swift */; };
		25BE0F3E25DD5D0D005B5664 /* dota2_infoApp.swift in Sources */ = {isa = PBXBuildFile; fileRef = 25BE0F1125DD5D0C005B5664 /* dota2_infoApp.swift */; };
		25BE0F3F25DD5D0D005B5664 /* ContentView.swift in Sources */ = {isa = PBXBuildFile; fileRef = 25BE0F1225DD5D0C005B5664 /* ContentView.swift */; };
		25BE0F4025DD5D0D005B5664 /* ContentView.swift in Sources */ = {isa = PBXBuildFile; fileRef = 25BE0F1225DD5D0C005B5664 /* ContentView.swift */; };
		25BE0F4125DD5D0D005B5664 /* Persistence.swift in Sources */ = {isa = PBXBuildFile; fileRef = 25BE0F1325DD5D0C005B5664 /* Persistence.swift */; };
		25BE0F4225DD5D0D005B5664 /* Persistence.swift in Sources */ = {isa = PBXBuildFile; fileRef = 25BE0F1325DD5D0C005B5664 /* Persistence.swift */; };
		25BE0F4325DD5D0D005B5664 /* Assets.xcassets in Resources */ = {isa = PBXBuildFile; fileRef = 25BE0F1425DD5D0D005B5664 /* Assets.xcassets */; };
		25BE0F4425DD5D0D005B5664 /* Assets.xcassets in Resources */ = {isa = PBXBuildFile; fileRef = 25BE0F1425DD5D0D005B5664 /* Assets.xcassets */; };
		25BE0F6325DD7945005B5664 /* PlayerSidebar.swift in Sources */ = {isa = PBXBuildFile; fileRef = 25BE0F6225DD7945005B5664 /* PlayerSidebar.swift */; };
		25BE0F6825DD79C4005B5664 /* PlayerSidebar.swift in Sources */ = {isa = PBXBuildFile; fileRef = 25BE0F6225DD7945005B5664 /* PlayerSidebar.swift */; };
		25BE0F7D25DD7C15005B5664 /* NewPlayerDialog.swift in Sources */ = {isa = PBXBuildFile; fileRef = 25BE0F7C25DD7C15005B5664 /* NewPlayerDialog.swift */; };
		25BE0F8225DD7C26005B5664 /* NewPlayerDialog.swift in Sources */ = {isa = PBXBuildFile; fileRef = 25BE0F7C25DD7C15005B5664 /* NewPlayerDialog.swift */; };
		25BE0F8825DD7FE2005B5664 /* NewPlayerDialogDetails.swift in Sources */ = {isa = PBXBuildFile; fileRef = 25BE0F8725DD7FE2005B5664 /* NewPlayerDialogDetails.swift */; };
		25BE0F8F25DD7FFB005B5664 /* Player.swift in Sources */ = {isa = PBXBuildFile; fileRef = 25BE0F8E25DD7FFB005B5664 /* Player.swift */; };
		25BE0F9825DD811B005B5664 /* NewPlayerDialogDetails.swift in Sources */ = {isa = PBXBuildFile; fileRef = 25BE0F8725DD7FE2005B5664 /* NewPlayerDialogDetails.swift */; };
		25BE0F9F25DD8134005B5664 /* PlayerModel.swift in Sources */ = {isa = PBXBuildFile; fileRef = 25BE0F9E25DD8134005B5664 /* PlayerModel.swift */; };
		25BE0FA825DD8156005B5664 /* PlayerModel.swift in Sources */ = {isa = PBXBuildFile; fileRef = 25BE0F9E25DD8134005B5664 /* PlayerModel.swift */; };
		25BE0FAD25DD81F7005B5664 /* Player.swift in Sources */ = {isa = PBXBuildFile; fileRef = 25BE0F8E25DD7FFB005B5664 /* Player.swift */; };
		25CAD8F825E28E680098A17B /* DataGrid.swift in Sources */ = {isa = PBXBuildFile; fileRef = 25CAD8F725E28E680098A17B /* DataGrid.swift */; };
		25CAD90225E290BD0098A17B /* DataGridView.swift in Sources */ = {isa = PBXBuildFile; fileRef = 25CAD90125E290BD0098A17B /* DataGridView.swift */; };
		25CAD90325E290BD0098A17B /* DataGridView.swift in Sources */ = {isa = PBXBuildFile; fileRef = 25CAD90125E290BD0098A17B /* DataGridView.swift */; };
		25CAD90825E290D40098A17B /* DataGrid.swift in Sources */ = {isa = PBXBuildFile; fileRef = 25CAD8F725E28E680098A17B /* DataGrid.swift */; };
		25CAD91225E29C9F0098A17B /* HistoryTablePage.swift in Sources */ = {isa = PBXBuildFile; fileRef = 25CAD91125E29C9F0098A17B /* HistoryTablePage.swift */; };
		25CAD91325E29C9F0098A17B /* HistoryTablePage.swift in Sources */ = {isa = PBXBuildFile; fileRef = 25CAD91125E29C9F0098A17B /* HistoryTablePage.swift */; };
		25CAD91925E2EAE50098A17B /* PlayerNameView.swift in Sources */ = {isa = PBXBuildFile; fileRef = 25CAD91825E2EAE50098A17B /* PlayerNameView.swift */; };
		25CAD91A25E2EAE50098A17B /* PlayerNameView.swift in Sources */ = {isa = PBXBuildFile; fileRef = 25CAD91825E2EAE50098A17B /* PlayerNameView.swift */; };
/* End PBXBuildFile section */

/* Begin PBXContainerItemProxy section */
		25BE0F2A25DD5D0D005B5664 /* PBXContainerItemProxy */ = {
			isa = PBXContainerItemProxy;
			containerPortal = 25BE0F0A25DD5D0C005B5664 /* Project object */;
			proxyType = 1;
			remoteGlobalIDString = 25BE0F1825DD5D0D005B5664;
			remoteInfo = "dota2_info (iOS)";
		};
		25BE0F3525DD5D0D005B5664 /* PBXContainerItemProxy */ = {
			isa = PBXContainerItemProxy;
			containerPortal = 25BE0F0A25DD5D0C005B5664 /* Project object */;
			proxyType = 1;
			remoteGlobalIDString = 25BE0F2025DD5D0D005B5664;
			remoteInfo = "dota2_info (macOS)";
		};
/* End PBXContainerItemProxy section */

/* Begin PBXFileReference section */
		25040AB025DE46C20015AA0C /* MatchDetails.swift */ = {isa = PBXFileReference; lastKnownFileType = sourcecode.swift; path = MatchDetails.swift; sourceTree = "<group>"; };
		25040AB825DE4CB80015AA0C /* MatchDetailView.swift */ = {isa = PBXFileReference; lastKnownFileType = sourcecode.swift; path = MatchDetailView.swift; sourceTree = "<group>"; };
		25040ABF25DE4CCD0015AA0C /* MatchDetailPage.swift */ = {isa = PBXFileReference; lastKnownFileType = sourcecode.swift; path = MatchDetailPage.swift; sourceTree = "<group>"; };
		25040AC625DE51A60015AA0C /* avatarView.swift */ = {isa = PBXFileReference; lastKnownFileType = sourcecode.swift; path = avatarView.swift; sourceTree = "<group>"; };
		25040ACE25DE56BD0015AA0C /* InfoCard.swift */ = {isa = PBXFileReference; lastKnownFileType = sourcecode.swift; path = InfoCard.swift; sourceTree = "<group>"; };
		25040AD925DE59F70015AA0C /* countries.json */ = {isa = PBXFileReference; fileEncoding = 4; lastKnownFileType = text.json; path = countries.json; sourceTree = "<group>"; };
		25040ADA25DE59F70015AA0C /* game_mode.json */ = {isa = PBXFileReference; fileEncoding = 4; lastKnownFileType = text.json; path = game_mode.json; sourceTree = "<group>"; };
		25040AE325DE5A310015AA0C /* Region.swift */ = {isa = PBXFileReference; lastKnownFileType = sourcecode.swift; path = Region.swift; sourceTree = "<group>"; };
		25040AEA25DE5A660015AA0C /* GameMode.swift */ = {isa = PBXFileReference; lastKnownFileType = sourcecode.swift; path = GameMode.swift; sourceTree = "<group>"; };
		25040AF125DE5B870015AA0C /* region.json */ = {isa = PBXFileReference; fileEncoding = 4; lastKnownFileType = text.json; path = region.json; sourceTree = "<group>"; };
		25040B0B25DE6FA10015AA0C /* DetailPlayerRow.swift */ = {isa = PBXFileReference; lastKnownFileType = sourcecode.swift; path = DetailPlayerRow.swift; sourceTree = "<group>"; };
		25040B1225DE89E60015AA0C /* HeroModel.swift */ = {isa = PBXFileReference; lastKnownFileType = sourcecode.swift; path = HeroModel.swift; sourceTree = "<group>"; };
		25040B1925DE8A9B0015AA0C /* MatchHero.swift */ = {isa = PBXFileReference; lastKnownFileType = sourcecode.swift; path = MatchHero.swift; sourceTree = "<group>"; };
		25040B2025DE95190015AA0C /* permanent_buffs.json */ = {isa = PBXFileReference; fileEncoding = 4; lastKnownFileType = text.json; path = permanent_buffs.json; sourceTree = "<group>"; };
		25040B2125DE95190015AA0C /* item_ids.json */ = {isa = PBXFileReference; fileEncoding = 4; lastKnownFileType = text.json; path = item_ids.json; sourceTree = "<group>"; };
		25040B2225DE95190015AA0C /* hero_abilities.json */ = {isa = PBXFileReference; fileEncoding = 4; lastKnownFileType = text.json; path = hero_abilities.json; sourceTree = "<group>"; };
		25040B2325DE95190015AA0C /* items.json */ = {isa = PBXFileReference; fileEncoding = 4; lastKnownFileType = text.json; path = items.json; sourceTree = "<group>"; };
		25040B2425DE95190015AA0C /* abilities.json */ = {isa = PBXFileReference; fileEncoding = 4; lastKnownFileType = text.json; path = abilities.json; sourceTree = "<group>"; };
		25040B2525DE95190015AA0C /* ability_ids.json */ = {isa = PBXFileReference; fileEncoding = 4; lastKnownFileType = text.json; path = ability_ids.json; sourceTree = "<group>"; };
		25040B2625DE951A0015AA0C /* neutral_abilities.json */ = {isa = PBXFileReference; fileEncoding = 4; lastKnownFileType = text.json; path = neutral_abilities.json; sourceTree = "<group>"; };
		25040B3925DE95C20015AA0C /* Ability.swift */ = {isa = PBXFileReference; lastKnownFileType = sourcecode.swift; path = Ability.swift; sourceTree = "<group>"; };
		25040B4025DE96040015AA0C /* AbilityIds.swift */ = {isa = PBXFileReference; lastKnownFileType = sourcecode.swift; path = AbilityIds.swift; sourceTree = "<group>"; };
		25040B4725DE96CE0015AA0C /* Item.swift */ = {isa = PBXFileReference; lastKnownFileType = sourcecode.swift; path = Item.swift; sourceTree = "<group>"; };
		25040B5725DE975C0015AA0C /* ItemIds.swift */ = {isa = PBXFileReference; lastKnownFileType = sourcecode.swift; path = ItemIds.swift; sourceTree = "<group>"; };
		25040B5E25DE97FB0015AA0C /* HeroAbility.swift */ = {isa = PBXFileReference; lastKnownFileType = sourcecode.swift; path = HeroAbility.swift; sourceTree = "<group>"; };
		25040B6525DEA64B0015AA0C /* String+extensions.swift */ = {isa = PBXFileReference; lastKnownFileType = sourcecode.swift; path = "String+extensions.swift"; sourceTree = "<group>"; };
		255BC8F125DEB9F100946641 /* ItemGrid.swift */ = {isa = PBXFileReference; lastKnownFileType = sourcecode.swift; path = ItemGrid.swift; sourceTree = "<group>"; };
		255BC8F825DEE66600946641 /* SkillsUpgrade.swift */ = {isa = PBXFileReference; lastKnownFileType = sourcecode.swift; path = SkillsUpgrade.swift; sourceTree = "<group>"; };
		257993BA25DF98F400DF6453 /* v2.xcdatamodel */ = {isa = PBXFileReference; lastKnownFileType = wrapper.xcdatamodel; path = v2.xcdatamodel; sourceTree = "<group>"; };
		257993BB25DF98F400DF6453 /* Shared.xcdatamodel */ = {isa = PBXFileReference; lastKnownFileType = wrapper.xcdatamodel; path = Shared.xcdatamodel; sourceTree = "<group>"; };
		257993C625DF996000DF6453 /* MatchDetailsDB.swift */ = {isa = PBXFileReference; fileEncoding = 4; lastKnownFileType = sourcecode.swift; path = MatchDetailsDB.swift; sourceTree = "<group>"; };
		257993CD25DF9D9200DF6453 /* extensions+MatchDetailDB.swift */ = {isa = PBXFileReference; lastKnownFileType = sourcecode.swift; path = "extensions+MatchDetailDB.swift"; sourceTree = "<group>"; };
		257993D825DFE8AD00DF6453 /* UserNotifications.framework */ = {isa = PBXFileReference; lastKnownFileType = wrapper.framework; name = UserNotifications.framework; path = System/Library/Frameworks/UserNotifications.framework; sourceTree = SDKROOT; };
		257993DE25E0F8B000DF6453 /* HeroAvatar.swift */ = {isa = PBXFileReference; lastKnownFileType = sourcecode.swift; path = HeroAvatar.swift; sourceTree = "<group>"; };
		257F805225DDA3C40087D339 /* PlayerRow.swift */ = {isa = PBXFileReference; lastKnownFileType = sourcecode.swift; path = PlayerRow.swift; sourceTree = "<group>"; };
		257F805A25DDABE70087D339 /* MatchHistory.swift */ = {isa = PBXFileReference; lastKnownFileType = sourcecode.swift; path = MatchHistory.swift; sourceTree = "<group>"; };
		257F806525DE24690087D339 /* MatchModel.swift */ = {isa = PBXFileReference; lastKnownFileType = sourcecode.swift; path = MatchModel.swift; sourceTree = "<group>"; };
		257F806C25DE24980087D339 /* Match.swift */ = {isa = PBXFileReference; lastKnownFileType = sourcecode.swift; path = Match.swift; sourceTree = "<group>"; };
		257F807325DE283D0087D339 /* MatchHistoryRow.swift */ = {isa = PBXFileReference; lastKnownFileType = sourcecode.swift; path = MatchHistoryRow.swift; sourceTree = "<group>"; };
		257F807A25DE2B1A0087D339 /* Hero.swift */ = {isa = PBXFileReference; lastKnownFileType = sourcecode.swift; path = Hero.swift; sourceTree = "<group>"; };
		257F808225DE2C9D0087D339 /* heroes.json */ = {isa = PBXFileReference; fileEncoding = 4; lastKnownFileType = text.json; path = heroes.json; sourceTree = "<group>"; };
		25BE0F1125DD5D0C005B5664 /* dota2_infoApp.swift */ = {isa = PBXFileReference; lastKnownFileType = sourcecode.swift; path = dota2_infoApp.swift; sourceTree = "<group>"; };
		25BE0F1225DD5D0C005B5664 /* ContentView.swift */ = {isa = PBXFileReference; lastKnownFileType = sourcecode.swift; path = ContentView.swift; sourceTree = "<group>"; };
		25BE0F1325DD5D0C005B5664 /* Persistence.swift */ = {isa = PBXFileReference; lastKnownFileType = sourcecode.swift; path = Persistence.swift; sourceTree = "<group>"; };
		25BE0F1425DD5D0D005B5664 /* Assets.xcassets */ = {isa = PBXFileReference; lastKnownFileType = folder.assetcatalog; path = Assets.xcassets; sourceTree = "<group>"; };
		25BE0F1925DD5D0D005B5664 /* dota2_info.app */ = {isa = PBXFileReference; explicitFileType = wrapper.application; includeInIndex = 0; path = dota2_info.app; sourceTree = BUILT_PRODUCTS_DIR; };
		25BE0F1C25DD5D0D005B5664 /* Info.plist */ = {isa = PBXFileReference; lastKnownFileType = text.plist.xml; path = Info.plist; sourceTree = "<group>"; };
		25BE0F2125DD5D0D005B5664 /* dota2_info.app */ = {isa = PBXFileReference; explicitFileType = wrapper.application; includeInIndex = 0; path = dota2_info.app; sourceTree = BUILT_PRODUCTS_DIR; };
		25BE0F2325DD5D0D005B5664 /* Info.plist */ = {isa = PBXFileReference; lastKnownFileType = text.plist.xml; path = Info.plist; sourceTree = "<group>"; };
		25BE0F2425DD5D0D005B5664 /* macOS.entitlements */ = {isa = PBXFileReference; lastKnownFileType = text.plist.entitlements; path = macOS.entitlements; sourceTree = "<group>"; };
		25BE0F2925DD5D0D005B5664 /* Tests iOS.xctest */ = {isa = PBXFileReference; explicitFileType = wrapper.cfbundle; includeInIndex = 0; path = "Tests iOS.xctest"; sourceTree = BUILT_PRODUCTS_DIR; };
		25BE0F2D25DD5D0D005B5664 /* Tests_iOS.swift */ = {isa = PBXFileReference; lastKnownFileType = sourcecode.swift; path = Tests_iOS.swift; sourceTree = "<group>"; };
		25BE0F2F25DD5D0D005B5664 /* Info.plist */ = {isa = PBXFileReference; lastKnownFileType = text.plist.xml; path = Info.plist; sourceTree = "<group>"; };
		25BE0F3425DD5D0D005B5664 /* Tests macOS.xctest */ = {isa = PBXFileReference; explicitFileType = wrapper.cfbundle; includeInIndex = 0; path = "Tests macOS.xctest"; sourceTree = BUILT_PRODUCTS_DIR; };
		25BE0F3825DD5D0D005B5664 /* Tests_macOS.swift */ = {isa = PBXFileReference; lastKnownFileType = sourcecode.swift; path = Tests_macOS.swift; sourceTree = "<group>"; };
		25BE0F3A25DD5D0D005B5664 /* Info.plist */ = {isa = PBXFileReference; lastKnownFileType = text.plist.xml; path = Info.plist; sourceTree = "<group>"; };
		25BE0F5725DD5D26005B5664 /* dota2_info.entitlements */ = {isa = PBXFileReference; lastKnownFileType = text.plist.entitlements; path = dota2_info.entitlements; sourceTree = "<group>"; };
		25BE0F6225DD7945005B5664 /* PlayerSidebar.swift */ = {isa = PBXFileReference; lastKnownFileType = sourcecode.swift; path = PlayerSidebar.swift; sourceTree = "<group>"; };
		25BE0F7C25DD7C15005B5664 /* NewPlayerDialog.swift */ = {isa = PBXFileReference; lastKnownFileType = sourcecode.swift; path = NewPlayerDialog.swift; sourceTree = "<group>"; };
		25BE0F8725DD7FE2005B5664 /* NewPlayerDialogDetails.swift */ = {isa = PBXFileReference; lastKnownFileType = sourcecode.swift; path = NewPlayerDialogDetails.swift; sourceTree = "<group>"; };
		25BE0F8E25DD7FFB005B5664 /* Player.swift */ = {isa = PBXFileReference; lastKnownFileType = sourcecode.swift; path = Player.swift; sourceTree = "<group>"; };
		25BE0F9E25DD8134005B5664 /* PlayerModel.swift */ = {isa = PBXFileReference; lastKnownFileType = sourcecode.swift; path = PlayerModel.swift; sourceTree = "<group>"; };
		25CAD8F725E28E680098A17B /* DataGrid.swift */ = {isa = PBXFileReference; lastKnownFileType = sourcecode.swift; path = DataGrid.swift; sourceTree = "<group>"; };
		25CAD90125E290BD0098A17B /* DataGridView.swift */ = {isa = PBXFileReference; lastKnownFileType = sourcecode.swift; path = DataGridView.swift; sourceTree = "<group>"; };
		25CAD91125E29C9F0098A17B /* HistoryTablePage.swift */ = {isa = PBXFileReference; lastKnownFileType = sourcecode.swift; path = HistoryTablePage.swift; sourceTree = "<group>"; };
		25CAD91825E2EAE50098A17B /* PlayerNameView.swift */ = {isa = PBXFileReference; lastKnownFileType = sourcecode.swift; path = PlayerNameView.swift; sourceTree = "<group>"; };
/* End PBXFileReference section */

/* Begin PBXFrameworksBuildPhase section */
		25BE0F1625DD5D0D005B5664 /* Frameworks */ = {
			isa = PBXFrameworksBuildPhase;
			buildActionMask = 2147483647;
			files = (
				2555C05125E1426000994F5D /* SwiftDataTables in Frameworks */,
				2579938425DF821700DF6453 /* RealmSwift in Frameworks */,
				25040AA525DE3C150015AA0C /* SwiftDate in Frameworks */,
				2579938625DF821700DF6453 /* Realm in Frameworks */,
				257F803E25DD8C050087D339 /* Kingfisher in Frameworks */,
			);
			runOnlyForDeploymentPostprocessing = 0;
		};
		25BE0F1E25DD5D0D005B5664 /* Frameworks */ = {
			isa = PBXFrameworksBuildPhase;
			buildActionMask = 2147483647;
			files = (
				257993D925DFE8AE00DF6453 /* UserNotifications.framework in Frameworks */,
				2579938C25DF824E00DF6453 /* RealmSwift in Frameworks */,
				25040AAB25DE3CED0015AA0C /* SwiftDate in Frameworks */,
				257F804525DD8F070087D339 /* Kingfisher in Frameworks */,
			);
			runOnlyForDeploymentPostprocessing = 0;
		};
		25BE0F2625DD5D0D005B5664 /* Frameworks */ = {
			isa = PBXFrameworksBuildPhase;
			buildActionMask = 2147483647;
			files = (
			);
			runOnlyForDeploymentPostprocessing = 0;
		};
		25BE0F3125DD5D0D005B5664 /* Frameworks */ = {
			isa = PBXFrameworksBuildPhase;
			buildActionMask = 2147483647;
			files = (
			);
			runOnlyForDeploymentPostprocessing = 0;
		};
/* End PBXFrameworksBuildPhase section */

/* Begin PBXGroup section */
		25040AB725DE4CA40015AA0C /* detailMatch */ = {
			isa = PBXGroup;
			children = (
				25CAD8F025E28E2D0098A17B /* dataGrid */,
				25040ACD25DE56B00015AA0C /* components */,
				25040AB825DE4CB80015AA0C /* MatchDetailView.swift */,
				25040ABF25DE4CCD0015AA0C /* MatchDetailPage.swift */,
			);
			path = detailMatch;
			sourceTree = "<group>";
		};
		25040ACD25DE56B00015AA0C /* components */ = {
			isa = PBXGroup;
			children = (
				257993E825E0FB6B00DF6453 /* skill */,
				257993E725E0FB5D00DF6453 /* item */,
				257993E625E0FB4B00DF6453 /* extension */,
				257993E525E0FB3800DF6453 /* avatar */,
				25040ACE25DE56BD0015AA0C /* InfoCard.swift */,
				25040B0B25DE6FA10015AA0C /* DetailPlayerRow.swift */,
			);
			path = components;
			sourceTree = "<group>";
		};
		25040B4E25DE96E50015AA0C /* hero */ = {
			isa = PBXGroup;
			children = (
				25040B1925DE8A9B0015AA0C /* MatchHero.swift */,
				257F807A25DE2B1A0087D339 /* Hero.swift */,
				25040B5E25DE97FB0015AA0C /* HeroAbility.swift */,
			);
			path = hero;
			sourceTree = "<group>";
		};
		25040B4F25DE96F50015AA0C /* match */ = {
			isa = PBXGroup;
			children = (
				257993C625DF996000DF6453 /* MatchDetailsDB.swift */,
				257F806C25DE24980087D339 /* Match.swift */,
				25040AB025DE46C20015AA0C /* MatchDetails.swift */,
				257993CD25DF9D9200DF6453 /* extensions+MatchDetailDB.swift */,
			);
			path = match;
			sourceTree = "<group>";
		};
		25040B5025DE97060015AA0C /* others */ = {
			isa = PBXGroup;
			children = (
				25BE0F8E25DD7FFB005B5664 /* Player.swift */,
				25040AEA25DE5A660015AA0C /* GameMode.swift */,
				25040AE325DE5A310015AA0C /* Region.swift */,
			);
			path = others;
			sourceTree = "<group>";
		};
		25040B5125DE97230015AA0C /* ability */ = {
			isa = PBXGroup;
			children = (
				25040B3925DE95C20015AA0C /* Ability.swift */,
				25040B4025DE96040015AA0C /* AbilityIds.swift */,
			);
			path = ability;
			sourceTree = "<group>";
		};
		25040B5225DE972D0015AA0C /* item */ = {
			isa = PBXGroup;
			children = (
				25040B4725DE96CE0015AA0C /* Item.swift */,
				25040B5725DE975C0015AA0C /* ItemIds.swift */,
			);
			path = item;
			sourceTree = "<group>";
		};
		257993E525E0FB3800DF6453 /* avatar */ = {
			isa = PBXGroup;
			children = (
				257993DE25E0F8B000DF6453 /* HeroAvatar.swift */,
				25040AC625DE51A60015AA0C /* avatarView.swift */,
				25CAD91825E2EAE50098A17B /* PlayerNameView.swift */,
			);
			path = avatar;
			sourceTree = "<group>";
		};
		257993E625E0FB4B00DF6453 /* extension */ = {
			isa = PBXGroup;
			children = (
				25040B6525DEA64B0015AA0C /* String+extensions.swift */,
			);
			path = extension;
			sourceTree = "<group>";
		};
		257993E725E0FB5D00DF6453 /* item */ = {
			isa = PBXGroup;
			children = (
				255BC8F125DEB9F100946641 /* ItemGrid.swift */,
			);
			path = item;
			sourceTree = "<group>";
		};
		257993E825E0FB6B00DF6453 /* skill */ = {
			isa = PBXGroup;
			children = (
				255BC8F825DEE66600946641 /* SkillsUpgrade.swift */,
			);
			path = skill;
			sourceTree = "<group>";
		};
		257F804325DD8F070087D339 /* Frameworks */ = {
			isa = PBXGroup;
			children = (
				257993D825DFE8AD00DF6453 /* UserNotifications.framework */,
			);
			name = Frameworks;
			sourceTree = "<group>";
		};
		257F805925DDABB00087D339 /* matches */ = {
			isa = PBXGroup;
			children = (
				257F805A25DDABE70087D339 /* MatchHistory.swift */,
				257F807325DE283D0087D339 /* MatchHistoryRow.swift */,
			);
			path = matches;
			sourceTree = "<group>";
		};
		257F808125DE2C1C0087D339 /* resources */ = {
			isa = PBXGroup;
			children = (
				25040B2425DE95190015AA0C /* abilities.json */,
				25040B2525DE95190015AA0C /* ability_ids.json */,
				25040B2225DE95190015AA0C /* hero_abilities.json */,
				25040B2125DE95190015AA0C /* item_ids.json */,
				25040B2325DE95190015AA0C /* items.json */,
				25040B2625DE951A0015AA0C /* neutral_abilities.json */,
				25040B2025DE95190015AA0C /* permanent_buffs.json */,
				25040AF125DE5B870015AA0C /* region.json */,
				25040AD925DE59F70015AA0C /* countries.json */,
				25040ADA25DE59F70015AA0C /* game_mode.json */,
				257F808225DE2C9D0087D339 /* heroes.json */,
			);
			path = resources;
			sourceTree = "<group>";
		};
		25BE0F0925DD5D0C005B5664 = {
			isa = PBXGroup;
			children = (
				25BE0F5725DD5D26005B5664 /* dota2_info.entitlements */,
				25BE0F0E25DD5D0C005B5664 /* Shared */,
				25BE0F1B25DD5D0D005B5664 /* iOS */,
				25BE0F2225DD5D0D005B5664 /* macOS */,
				25BE0F2C25DD5D0D005B5664 /* Tests iOS */,
				25BE0F3725DD5D0D005B5664 /* Tests macOS */,
				25BE0F1A25DD5D0D005B5664 /* Products */,
				257F804325DD8F070087D339 /* Frameworks */,
			);
			sourceTree = "<group>";
		};
		25BE0F0E25DD5D0C005B5664 /* Shared */ = {
			isa = PBXGroup;
			children = (
				257993B925DF98F400DF6453 /* dota2_info.xcdatamodeld */,
				257F808125DE2C1C0087D339 /* resources */,
				25BE0F9D25DD8127005B5664 /* models */,
				25BE0F8D25DD7FF0005B5664 /* dataobject */,
				25BE0F5C25DD783F005B5664 /* views */,
				25BE0F1125DD5D0C005B5664 /* dota2_infoApp.swift */,
				25BE0F1225DD5D0C005B5664 /* ContentView.swift */,
				25BE0F1325DD5D0C005B5664 /* Persistence.swift */,
				25BE0F1425DD5D0D005B5664 /* Assets.xcassets */,
			);
			path = Shared;
			sourceTree = "<group>";
		};
		25BE0F1A25DD5D0D005B5664 /* Products */ = {
			isa = PBXGroup;
			children = (
				25BE0F1925DD5D0D005B5664 /* dota2_info.app */,
				25BE0F2125DD5D0D005B5664 /* dota2_info.app */,
				25BE0F2925DD5D0D005B5664 /* Tests iOS.xctest */,
				25BE0F3425DD5D0D005B5664 /* Tests macOS.xctest */,
			);
			name = Products;
			sourceTree = "<group>";
		};
		25BE0F1B25DD5D0D005B5664 /* iOS */ = {
			isa = PBXGroup;
			children = (
				25BE0F1C25DD5D0D005B5664 /* Info.plist */,
			);
			path = iOS;
			sourceTree = "<group>";
		};
		25BE0F2225DD5D0D005B5664 /* macOS */ = {
			isa = PBXGroup;
			children = (
				25BE0F2325DD5D0D005B5664 /* Info.plist */,
				25BE0F2425DD5D0D005B5664 /* macOS.entitlements */,
			);
			path = macOS;
			sourceTree = "<group>";
		};
		25BE0F2C25DD5D0D005B5664 /* Tests iOS */ = {
			isa = PBXGroup;
			children = (
				25BE0F2D25DD5D0D005B5664 /* Tests_iOS.swift */,
				25BE0F2F25DD5D0D005B5664 /* Info.plist */,
			);
			path = "Tests iOS";
			sourceTree = "<group>";
		};
		25BE0F3725DD5D0D005B5664 /* Tests macOS */ = {
			isa = PBXGroup;
			children = (
				25BE0F3825DD5D0D005B5664 /* Tests_macOS.swift */,
				25BE0F3A25DD5D0D005B5664 /* Info.plist */,
			);
			path = "Tests macOS";
			sourceTree = "<group>";
		};
		25BE0F5C25DD783F005B5664 /* views */ = {
			isa = PBXGroup;
			children = (
				25040AB725DE4CA40015AA0C /* detailMatch */,
				257F805925DDABB00087D339 /* matches */,
				25BE0F6125DD7935005B5664 /* home */,
			);
			path = views;
			sourceTree = "<group>";
		};
		25BE0F6125DD7935005B5664 /* home */ = {
			isa = PBXGroup;
			children = (
				25BE0F6225DD7945005B5664 /* PlayerSidebar.swift */,
				25BE0F7C25DD7C15005B5664 /* NewPlayerDialog.swift */,
				25BE0F8725DD7FE2005B5664 /* NewPlayerDialogDetails.swift */,
				257F805225DDA3C40087D339 /* PlayerRow.swift */,
			);
			path = home;
			sourceTree = "<group>";
		};
		25BE0F8D25DD7FF0005B5664 /* dataobject */ = {
			isa = PBXGroup;
			children = (
				25040B5225DE972D0015AA0C /* item */,
				25040B5125DE97230015AA0C /* ability */,
				25040B5025DE97060015AA0C /* others */,
				25040B4F25DE96F50015AA0C /* match */,
				25040B4E25DE96E50015AA0C /* hero */,
			);
			path = dataobject;
			sourceTree = "<group>";
		};
		25BE0F9D25DD8127005B5664 /* models */ = {
			isa = PBXGroup;
			children = (
				25BE0F9E25DD8134005B5664 /* PlayerModel.swift */,
				257F806525DE24690087D339 /* MatchModel.swift */,
				25040B1225DE89E60015AA0C /* HeroModel.swift */,
			);
			path = models;
			sourceTree = "<group>";
		};
		25CAD8F025E28E2D0098A17B /* dataGrid */ = {
			isa = PBXGroup;
			children = (
				25CAD8F725E28E680098A17B /* DataGrid.swift */,
				25CAD90125E290BD0098A17B /* DataGridView.swift */,
				25CAD91125E29C9F0098A17B /* HistoryTablePage.swift */,
			);
			path = dataGrid;
			sourceTree = "<group>";
		};
/* End PBXGroup section */

/* Begin PBXNativeTarget section */
		25BE0F1825DD5D0D005B5664 /* dota2_info (iOS) */ = {
			isa = PBXNativeTarget;
			buildConfigurationList = 25BE0F4725DD5D0D005B5664 /* Build configuration list for PBXNativeTarget "dota2_info (iOS)" */;
			buildPhases = (
				25BE0F1525DD5D0D005B5664 /* Sources */,
				25BE0F1625DD5D0D005B5664 /* Frameworks */,
				25BE0F1725DD5D0D005B5664 /* Resources */,
			);
			buildRules = (
			);
			dependencies = (
			);
			name = "dota2_info (iOS)";
			packageProductDependencies = (
				257F803D25DD8C050087D339 /* Kingfisher */,
				25040AA425DE3C150015AA0C /* SwiftDate */,
				2579938325DF821700DF6453 /* RealmSwift */,
				2579938525DF821700DF6453 /* Realm */,
				2555C05025E1426000994F5D /* SwiftDataTables */,
			);
			productName = "dota2_info (iOS)";
			productReference = 25BE0F1925DD5D0D005B5664 /* dota2_info.app */;
			productType = "com.apple.product-type.application";
		};
		25BE0F2025DD5D0D005B5664 /* dota2_info (macOS) */ = {
			isa = PBXNativeTarget;
			buildConfigurationList = 25BE0F4A25DD5D0D005B5664 /* Build configuration list for PBXNativeTarget "dota2_info (macOS)" */;
			buildPhases = (
				25BE0F1D25DD5D0D005B5664 /* Sources */,
				25BE0F1E25DD5D0D005B5664 /* Frameworks */,
				25BE0F1F25DD5D0D005B5664 /* Resources */,
			);
			buildRules = (
			);
			dependencies = (
			);
			name = "dota2_info (macOS)";
			packageProductDependencies = (
				257F804425DD8F070087D339 /* Kingfisher */,
				25040AAA25DE3CED0015AA0C /* SwiftDate */,
				2579938B25DF824E00DF6453 /* RealmSwift */,
			);
			productName = "dota2_info (macOS)";
			productReference = 25BE0F2125DD5D0D005B5664 /* dota2_info.app */;
			productType = "com.apple.product-type.application";
		};
		25BE0F2825DD5D0D005B5664 /* Tests iOS */ = {
			isa = PBXNativeTarget;
			buildConfigurationList = 25BE0F4D25DD5D0D005B5664 /* Build configuration list for PBXNativeTarget "Tests iOS" */;
			buildPhases = (
				25BE0F2525DD5D0D005B5664 /* Sources */,
				25BE0F2625DD5D0D005B5664 /* Frameworks */,
				25BE0F2725DD5D0D005B5664 /* Resources */,
			);
			buildRules = (
			);
			dependencies = (
				25BE0F2B25DD5D0D005B5664 /* PBXTargetDependency */,
			);
			name = "Tests iOS";
			productName = "Tests iOS";
			productReference = 25BE0F2925DD5D0D005B5664 /* Tests iOS.xctest */;
			productType = "com.apple.product-type.bundle.ui-testing";
		};
		25BE0F3325DD5D0D005B5664 /* Tests macOS */ = {
			isa = PBXNativeTarget;
			buildConfigurationList = 25BE0F5025DD5D0D005B5664 /* Build configuration list for PBXNativeTarget "Tests macOS" */;
			buildPhases = (
				25BE0F3025DD5D0D005B5664 /* Sources */,
				25BE0F3125DD5D0D005B5664 /* Frameworks */,
				25BE0F3225DD5D0D005B5664 /* Resources */,
			);
			buildRules = (
			);
			dependencies = (
				25BE0F3625DD5D0D005B5664 /* PBXTargetDependency */,
			);
			name = "Tests macOS";
			productName = "Tests macOS";
			productReference = 25BE0F3425DD5D0D005B5664 /* Tests macOS.xctest */;
			productType = "com.apple.product-type.bundle.ui-testing";
		};
/* End PBXNativeTarget section */

/* Begin PBXProject section */
		25BE0F0A25DD5D0C005B5664 /* Project object */ = {
			isa = PBXProject;
			attributes = {
				LastSwiftUpdateCheck = 1230;
				LastUpgradeCheck = 1230;
				TargetAttributes = {
					25BE0F1825DD5D0D005B5664 = {
						CreatedOnToolsVersion = 12.3;
					};
					25BE0F2025DD5D0D005B5664 = {
						CreatedOnToolsVersion = 12.3;
					};
					25BE0F2825DD5D0D005B5664 = {
						CreatedOnToolsVersion = 12.3;
						TestTargetID = 25BE0F1825DD5D0D005B5664;
					};
					25BE0F3325DD5D0D005B5664 = {
						CreatedOnToolsVersion = 12.3;
						TestTargetID = 25BE0F2025DD5D0D005B5664;
					};
				};
			};
			buildConfigurationList = 25BE0F0D25DD5D0C005B5664 /* Build configuration list for PBXProject "dota2_info" */;
			compatibilityVersion = "Xcode 9.3";
			developmentRegion = en;
			hasScannedForEncodings = 0;
			knownRegions = (
				en,
				Base,
			);
			mainGroup = 25BE0F0925DD5D0C005B5664;
			packageReferences = (
				257F803C25DD8C050087D339 /* XCRemoteSwiftPackageReference "Kingfisher" */,
				25040AA325DE3C150015AA0C /* XCRemoteSwiftPackageReference "SwiftDate" */,
				2579938225DF821700DF6453 /* XCRemoteSwiftPackageReference "realm-cocoa" */,
				2555C04F25E1426000994F5D /* XCRemoteSwiftPackageReference "SwiftDataTables" */,
			);
			productRefGroup = 25BE0F1A25DD5D0D005B5664 /* Products */;
			projectDirPath = "";
			projectRoot = "";
			targets = (
				25BE0F1825DD5D0D005B5664 /* dota2_info (iOS) */,
				25BE0F2025DD5D0D005B5664 /* dota2_info (macOS) */,
				25BE0F2825DD5D0D005B5664 /* Tests iOS */,
				25BE0F3325DD5D0D005B5664 /* Tests macOS */,
			);
		};
/* End PBXProject section */

/* Begin PBXResourcesBuildPhase section */
		25BE0F1725DD5D0D005B5664 /* Resources */ = {
			isa = PBXResourcesBuildPhase;
			buildActionMask = 2147483647;
			files = (
				25040B2F25DE951A0015AA0C /* abilities.json in Resources */,
				25040ADD25DE59F70015AA0C /* game_mode.json in Resources */,
				25040ADB25DE59F70015AA0C /* countries.json in Resources */,
				25BE0F4325DD5D0D005B5664 /* Assets.xcassets in Resources */,
				257F808325DE2C9D0087D339 /* heroes.json in Resources */,
				25040AF225DE5B870015AA0C /* region.json in Resources */,
				25040B3125DE951A0015AA0C /* ability_ids.json in Resources */,
				25040B2925DE951A0015AA0C /* item_ids.json in Resources */,
				25040B2B25DE951A0015AA0C /* hero_abilities.json in Resources */,
				25040B2725DE951A0015AA0C /* permanent_buffs.json in Resources */,
				25040B3325DE951A0015AA0C /* neutral_abilities.json in Resources */,
				25040B2D25DE951A0015AA0C /* items.json in Resources */,
			);
			runOnlyForDeploymentPostprocessing = 0;
		};
		25BE0F1F25DD5D0D005B5664 /* Resources */ = {
			isa = PBXResourcesBuildPhase;
			buildActionMask = 2147483647;
			files = (
				25040B3025DE951A0015AA0C /* abilities.json in Resources */,
				25040ADE25DE59F70015AA0C /* game_mode.json in Resources */,
				25040ADC25DE59F70015AA0C /* countries.json in Resources */,
				25BE0F4425DD5D0D005B5664 /* Assets.xcassets in Resources */,
				257F808425DE2C9D0087D339 /* heroes.json in Resources */,
				25040AF325DE5B870015AA0C /* region.json in Resources */,
				25040B3225DE951A0015AA0C /* ability_ids.json in Resources */,
				25040B2A25DE951A0015AA0C /* item_ids.json in Resources */,
				25040B2C25DE951A0015AA0C /* hero_abilities.json in Resources */,
				25040B2825DE951A0015AA0C /* permanent_buffs.json in Resources */,
				25040B3425DE951A0015AA0C /* neutral_abilities.json in Resources */,
				25040B2E25DE951A0015AA0C /* items.json in Resources */,
			);
			runOnlyForDeploymentPostprocessing = 0;
		};
		25BE0F2725DD5D0D005B5664 /* Resources */ = {
			isa = PBXResourcesBuildPhase;
			buildActionMask = 2147483647;
			files = (
			);
			runOnlyForDeploymentPostprocessing = 0;
		};
		25BE0F3225DD5D0D005B5664 /* Resources */ = {
			isa = PBXResourcesBuildPhase;
			buildActionMask = 2147483647;
			files = (
			);
			runOnlyForDeploymentPostprocessing = 0;
		};
/* End PBXResourcesBuildPhase section */

/* Begin PBXSourcesBuildPhase section */
		25BE0F1525DD5D0D005B5664 /* Sources */ = {
			isa = PBXSourcesBuildPhase;
			buildActionMask = 2147483647;
			files = (
				25040AB125DE46C20015AA0C /* MatchDetails.swift in Sources */,
				25BE0F3D25DD5D0D005B5664 /* dota2_infoApp.swift in Sources */,
				257F806625DE24690087D339 /* MatchModel.swift in Sources */,
				25BE0F4125DD5D0D005B5664 /* Persistence.swift in Sources */,
				25040B4825DE96CE0015AA0C /* Item.swift in Sources */,
				257F807425DE283D0087D339 /* MatchHistoryRow.swift in Sources */,
				25040B5825DE975C0015AA0C /* ItemIds.swift in Sources */,
				255BC8F925DEE66600946641 /* SkillsUpgrade.swift in Sources */,
				257993CE25DF9D9200DF6453 /* extensions+MatchDetailDB.swift in Sources */,
				257F807B25DE2B1A0087D339 /* Hero.swift in Sources */,
				25040B1A25DE8A9B0015AA0C /* MatchHero.swift in Sources */,
				25040AE425DE5A310015AA0C /* Region.swift in Sources */,
				257993DF25E0F8B000DF6453 /* HeroAvatar.swift in Sources */,
				25040AC725DE51A60015AA0C /* avatarView.swift in Sources */,
				25040B4125DE96040015AA0C /* AbilityIds.swift in Sources */,
				257F805325DDA3C40087D339 /* PlayerRow.swift in Sources */,
				257F805B25DDABE70087D339 /* MatchHistory.swift in Sources */,
				25040B3A25DE95C20015AA0C /* Ability.swift in Sources */,
				25BE0F9F25DD8134005B5664 /* PlayerModel.swift in Sources */,
				25BE0F3F25DD5D0D005B5664 /* ContentView.swift in Sources */,
				25BE0F6325DD7945005B5664 /* PlayerSidebar.swift in Sources */,
				257F806D25DE24980087D339 /* Match.swift in Sources */,
				257993C725DF996000DF6453 /* MatchDetailsDB.swift in Sources */,
				25040B0C25DE6FA10015AA0C /* DetailPlayerRow.swift in Sources */,
				25BE0F8825DD7FE2005B5664 /* NewPlayerDialogDetails.swift in Sources */,
				25040B1325DE89E60015AA0C /* HeroModel.swift in Sources */,
				25BE0F8F25DD7FFB005B5664 /* Player.swift in Sources */,
				25040AC025DE4CCD0015AA0C /* MatchDetailPage.swift in Sources */,
				25CAD91225E29C9F0098A17B /* HistoryTablePage.swift in Sources */,
				25040AEB25DE5A660015AA0C /* GameMode.swift in Sources */,
				25040B5F25DE97FB0015AA0C /* HeroAbility.swift in Sources */,
				25040AB925DE4CB80015AA0C /* MatchDetailView.swift in Sources */,
				25CAD91925E2EAE50098A17B /* PlayerNameView.swift in Sources */,
				25040B6625DEA64B0015AA0C /* String+extensions.swift in Sources */,
				25CAD90225E290BD0098A17B /* DataGridView.swift in Sources */,
				25BE0F7D25DD7C15005B5664 /* NewPlayerDialog.swift in Sources */,
				255BC8F225DEB9F100946641 /* ItemGrid.swift in Sources */,
				25CAD8F825E28E680098A17B /* DataGrid.swift in Sources */,
				257993BC25DF98F400DF6453 /* dota2_info.xcdatamodeld in Sources */,
				25040ACF25DE56BD0015AA0C /* InfoCard.swift in Sources */,
			);
			runOnlyForDeploymentPostprocessing = 0;
		};
		25BE0F1D25DD5D0D005B5664 /* Sources */ = {
			isa = PBXSourcesBuildPhase;
			buildActionMask = 2147483647;
			files = (
				25040AB225DE46C20015AA0C /* MatchDetails.swift in Sources */,
				25BE0F3E25DD5D0D005B5664 /* dota2_infoApp.swift in Sources */,
				257F806725DE24690087D339 /* MatchModel.swift in Sources */,
				25BE0F4225DD5D0D005B5664 /* Persistence.swift in Sources */,
				25040B4925DE96CE0015AA0C /* Item.swift in Sources */,
				257F807525DE283D0087D339 /* MatchHistoryRow.swift in Sources */,
				25040B5925DE975C0015AA0C /* ItemIds.swift in Sources */,
				25BE0FA825DD8156005B5664 /* PlayerModel.swift in Sources */,
				257993CF25DF9D9200DF6453 /* extensions+MatchDetailDB.swift in Sources */,
				255BC8FA25DEE66600946641 /* SkillsUpgrade.swift in Sources */,
				257F807C25DE2B1A0087D339 /* Hero.swift in Sources */,
				25040B1B25DE8A9B0015AA0C /* MatchHero.swift in Sources */,
				257993E025E0F8B000DF6453 /* HeroAvatar.swift in Sources */,
				25040AE525DE5A310015AA0C /* Region.swift in Sources */,
				25040AC825DE51A60015AA0C /* avatarView.swift in Sources */,
				25040B4225DE96040015AA0C /* AbilityIds.swift in Sources */,
				257F805425DDA3C40087D339 /* PlayerRow.swift in Sources */,
				257F805C25DDABE70087D339 /* MatchHistory.swift in Sources */,
				25040B3B25DE95C20015AA0C /* Ability.swift in Sources */,
				25BE0F4025DD5D0D005B5664 /* ContentView.swift in Sources */,
				25BE0F6825DD79C4005B5664 /* PlayerSidebar.swift in Sources */,
				257F806E25DE24980087D339 /* Match.swift in Sources */,
				257993C825DF996000DF6453 /* MatchDetailsDB.swift in Sources */,
				25040B0D25DE6FA10015AA0C /* DetailPlayerRow.swift in Sources */,
				25BE0F9825DD811B005B5664 /* NewPlayerDialogDetails.swift in Sources */,
				25040B1425DE89E60015AA0C /* HeroModel.swift in Sources */,
				25BE0FAD25DD81F7005B5664 /* Player.swift in Sources */,
				25040AC125DE4CCD0015AA0C /* MatchDetailPage.swift in Sources */,
				25CAD91325E29C9F0098A17B /* HistoryTablePage.swift in Sources */,
				25040AEC25DE5A660015AA0C /* GameMode.swift in Sources */,
				25040B6025DE97FB0015AA0C /* HeroAbility.swift in Sources */,
				25040ABA25DE4CB80015AA0C /* MatchDetailView.swift in Sources */,
				25CAD91A25E2EAE50098A17B /* PlayerNameView.swift in Sources */,
				25040B6725DEA64B0015AA0C /* String+extensions.swift in Sources */,
				25BE0F8225DD7C26005B5664 /* NewPlayerDialog.swift in Sources */,
				25CAD90325E290BD0098A17B /* DataGridView.swift in Sources */,
				255BC8F325DEB9F100946641 /* ItemGrid.swift in Sources */,
				25CAD90825E290D40098A17B /* DataGrid.swift in Sources */,
				257993BD25DF98F400DF6453 /* dota2_info.xcdatamodeld in Sources */,
				25040AD025DE56BD0015AA0C /* InfoCard.swift in Sources */,
			);
			runOnlyForDeploymentPostprocessing = 0;
		};
		25BE0F2525DD5D0D005B5664 /* Sources */ = {
			isa = PBXSourcesBuildPhase;
			buildActionMask = 2147483647;
			files = (
				25BE0F2E25DD5D0D005B5664 /* Tests_iOS.swift in Sources */,
			);
			runOnlyForDeploymentPostprocessing = 0;
		};
		25BE0F3025DD5D0D005B5664 /* Sources */ = {
			isa = PBXSourcesBuildPhase;
			buildActionMask = 2147483647;
			files = (
				25BE0F3925DD5D0D005B5664 /* Tests_macOS.swift in Sources */,
			);
			runOnlyForDeploymentPostprocessing = 0;
		};
/* End PBXSourcesBuildPhase section */

/* Begin PBXTargetDependency section */
		25BE0F2B25DD5D0D005B5664 /* PBXTargetDependency */ = {
			isa = PBXTargetDependency;
			target = 25BE0F1825DD5D0D005B5664 /* dota2_info (iOS) */;
			targetProxy = 25BE0F2A25DD5D0D005B5664 /* PBXContainerItemProxy */;
		};
		25BE0F3625DD5D0D005B5664 /* PBXTargetDependency */ = {
			isa = PBXTargetDependency;
			target = 25BE0F2025DD5D0D005B5664 /* dota2_info (macOS) */;
			targetProxy = 25BE0F3525DD5D0D005B5664 /* PBXContainerItemProxy */;
		};
/* End PBXTargetDependency section */

/* Begin XCBuildConfiguration section */
		25BE0F4525DD5D0D005B5664 /* Debug */ = {
			isa = XCBuildConfiguration;
			buildSettings = {
				ALWAYS_SEARCH_USER_PATHS = NO;
				CLANG_ANALYZER_NONNULL = YES;
				CLANG_ANALYZER_NUMBER_OBJECT_CONVERSION = YES_AGGRESSIVE;
				CLANG_CXX_LANGUAGE_STANDARD = "gnu++14";
				CLANG_CXX_LIBRARY = "libc++";
				CLANG_ENABLE_MODULES = YES;
				CLANG_ENABLE_OBJC_ARC = YES;
				CLANG_ENABLE_OBJC_WEAK = YES;
				CLANG_WARN_BLOCK_CAPTURE_AUTORELEASING = YES;
				CLANG_WARN_BOOL_CONVERSION = YES;
				CLANG_WARN_COMMA = YES;
				CLANG_WARN_CONSTANT_CONVERSION = YES;
				CLANG_WARN_DEPRECATED_OBJC_IMPLEMENTATIONS = YES;
				CLANG_WARN_DIRECT_OBJC_ISA_USAGE = YES_ERROR;
				CLANG_WARN_DOCUMENTATION_COMMENTS = YES;
				CLANG_WARN_EMPTY_BODY = YES;
				CLANG_WARN_ENUM_CONVERSION = YES;
				CLANG_WARN_INFINITE_RECURSION = YES;
				CLANG_WARN_INT_CONVERSION = YES;
				CLANG_WARN_NON_LITERAL_NULL_CONVERSION = YES;
				CLANG_WARN_OBJC_IMPLICIT_RETAIN_SELF = YES;
				CLANG_WARN_OBJC_LITERAL_CONVERSION = YES;
				CLANG_WARN_OBJC_ROOT_CLASS = YES_ERROR;
				CLANG_WARN_QUOTED_INCLUDE_IN_FRAMEWORK_HEADER = YES;
				CLANG_WARN_RANGE_LOOP_ANALYSIS = YES;
				CLANG_WARN_STRICT_PROTOTYPES = YES;
				CLANG_WARN_SUSPICIOUS_MOVE = YES;
				CLANG_WARN_UNGUARDED_AVAILABILITY = YES_AGGRESSIVE;
				CLANG_WARN_UNREACHABLE_CODE = YES;
				CLANG_WARN__DUPLICATE_METHOD_MATCH = YES;
				COPY_PHASE_STRIP = NO;
				DEBUG_INFORMATION_FORMAT = dwarf;
				ENABLE_STRICT_OBJC_MSGSEND = YES;
				ENABLE_TESTABILITY = YES;
				GCC_C_LANGUAGE_STANDARD = gnu11;
				GCC_DYNAMIC_NO_PIC = NO;
				GCC_NO_COMMON_BLOCKS = YES;
				GCC_OPTIMIZATION_LEVEL = 0;
				GCC_PREPROCESSOR_DEFINITIONS = (
					"DEBUG=1",
					"$(inherited)",
				);
				GCC_WARN_64_TO_32_BIT_CONVERSION = YES;
				GCC_WARN_ABOUT_RETURN_TYPE = YES_ERROR;
				GCC_WARN_UNDECLARED_SELECTOR = YES;
				GCC_WARN_UNINITIALIZED_AUTOS = YES_AGGRESSIVE;
				GCC_WARN_UNUSED_FUNCTION = YES;
				GCC_WARN_UNUSED_VARIABLE = YES;
				MTL_ENABLE_DEBUG_INFO = INCLUDE_SOURCE;
				MTL_FAST_MATH = YES;
				ONLY_ACTIVE_ARCH = YES;
				SWIFT_ACTIVE_COMPILATION_CONDITIONS = DEBUG;
				SWIFT_OPTIMIZATION_LEVEL = "-Onone";
			};
			name = Debug;
		};
		25BE0F4625DD5D0D005B5664 /* Release */ = {
			isa = XCBuildConfiguration;
			buildSettings = {
				ALWAYS_SEARCH_USER_PATHS = NO;
				CLANG_ANALYZER_NONNULL = YES;
				CLANG_ANALYZER_NUMBER_OBJECT_CONVERSION = YES_AGGRESSIVE;
				CLANG_CXX_LANGUAGE_STANDARD = "gnu++14";
				CLANG_CXX_LIBRARY = "libc++";
				CLANG_ENABLE_MODULES = YES;
				CLANG_ENABLE_OBJC_ARC = YES;
				CLANG_ENABLE_OBJC_WEAK = YES;
				CLANG_WARN_BLOCK_CAPTURE_AUTORELEASING = YES;
				CLANG_WARN_BOOL_CONVERSION = YES;
				CLANG_WARN_COMMA = YES;
				CLANG_WARN_CONSTANT_CONVERSION = YES;
				CLANG_WARN_DEPRECATED_OBJC_IMPLEMENTATIONS = YES;
				CLANG_WARN_DIRECT_OBJC_ISA_USAGE = YES_ERROR;
				CLANG_WARN_DOCUMENTATION_COMMENTS = YES;
				CLANG_WARN_EMPTY_BODY = YES;
				CLANG_WARN_ENUM_CONVERSION = YES;
				CLANG_WARN_INFINITE_RECURSION = YES;
				CLANG_WARN_INT_CONVERSION = YES;
				CLANG_WARN_NON_LITERAL_NULL_CONVERSION = YES;
				CLANG_WARN_OBJC_IMPLICIT_RETAIN_SELF = YES;
				CLANG_WARN_OBJC_LITERAL_CONVERSION = YES;
				CLANG_WARN_OBJC_ROOT_CLASS = YES_ERROR;
				CLANG_WARN_QUOTED_INCLUDE_IN_FRAMEWORK_HEADER = YES;
				CLANG_WARN_RANGE_LOOP_ANALYSIS = YES;
				CLANG_WARN_STRICT_PROTOTYPES = YES;
				CLANG_WARN_SUSPICIOUS_MOVE = YES;
				CLANG_WARN_UNGUARDED_AVAILABILITY = YES_AGGRESSIVE;
				CLANG_WARN_UNREACHABLE_CODE = YES;
				CLANG_WARN__DUPLICATE_METHOD_MATCH = YES;
				COPY_PHASE_STRIP = NO;
				DEBUG_INFORMATION_FORMAT = "dwarf-with-dsym";
				ENABLE_NS_ASSERTIONS = NO;
				ENABLE_STRICT_OBJC_MSGSEND = YES;
				GCC_C_LANGUAGE_STANDARD = gnu11;
				GCC_NO_COMMON_BLOCKS = YES;
				GCC_WARN_64_TO_32_BIT_CONVERSION = YES;
				GCC_WARN_ABOUT_RETURN_TYPE = YES_ERROR;
				GCC_WARN_UNDECLARED_SELECTOR = YES;
				GCC_WARN_UNINITIALIZED_AUTOS = YES_AGGRESSIVE;
				GCC_WARN_UNUSED_FUNCTION = YES;
				GCC_WARN_UNUSED_VARIABLE = YES;
				MTL_ENABLE_DEBUG_INFO = NO;
				MTL_FAST_MATH = YES;
				SWIFT_COMPILATION_MODE = wholemodule;
				SWIFT_OPTIMIZATION_LEVEL = "-O";
			};
			name = Release;
		};
		25BE0F4825DD5D0D005B5664 /* Debug */ = {
			isa = XCBuildConfiguration;
			buildSettings = {
				ASSETCATALOG_COMPILER_APPICON_NAME = AppIcon;
				ASSETCATALOG_COMPILER_GLOBAL_ACCENT_COLOR_NAME = AccentColor;
				CODE_SIGN_ENTITLEMENTS = dota2_info.entitlements;
				CODE_SIGN_STYLE = Automatic;
				DEVELOPMENT_TEAM = P9KK452K8P;
				ENABLE_PREVIEWS = YES;
				INFOPLIST_FILE = iOS/Info.plist;
				IPHONEOS_DEPLOYMENT_TARGET = 14.0;
				LD_RUNPATH_SEARCH_PATHS = (
					"$(inherited)",
					"@executable_path/Frameworks",
				);
				PRODUCT_BUNDLE_IDENTIFIER = "sirilee.dota2-info";
				PRODUCT_NAME = dota2_info;
				SDKROOT = iphoneos;
				SUPPORTS_MACCATALYST = YES;
				SWIFT_VERSION = 5.0;
				TARGETED_DEVICE_FAMILY = "1,2";
			};
			name = Debug;
		};
		25BE0F4925DD5D0D005B5664 /* Release */ = {
			isa = XCBuildConfiguration;
			buildSettings = {
				ASSETCATALOG_COMPILER_APPICON_NAME = AppIcon;
				ASSETCATALOG_COMPILER_GLOBAL_ACCENT_COLOR_NAME = AccentColor;
				CODE_SIGN_ENTITLEMENTS = dota2_info.entitlements;
				CODE_SIGN_STYLE = Automatic;
				DEVELOPMENT_TEAM = P9KK452K8P;
				ENABLE_PREVIEWS = YES;
				INFOPLIST_FILE = iOS/Info.plist;
				IPHONEOS_DEPLOYMENT_TARGET = 14.0;
				LD_RUNPATH_SEARCH_PATHS = (
					"$(inherited)",
					"@executable_path/Frameworks",
				);
				PRODUCT_BUNDLE_IDENTIFIER = "sirilee.dota2-info";
				PRODUCT_NAME = dota2_info;
				SDKROOT = iphoneos;
				SUPPORTS_MACCATALYST = YES;
				SWIFT_VERSION = 5.0;
				TARGETED_DEVICE_FAMILY = "1,2";
				VALIDATE_PRODUCT = YES;
			};
			name = Release;
		};
		25BE0F4B25DD5D0D005B5664 /* Debug */ = {
			isa = XCBuildConfiguration;
			buildSettings = {
				ASSETCATALOG_COMPILER_APPICON_NAME = AppIcon;
				ASSETCATALOG_COMPILER_GLOBAL_ACCENT_COLOR_NAME = AccentColor;
				CODE_SIGN_ENTITLEMENTS = macOS/macOS.entitlements;
				CODE_SIGN_STYLE = Automatic;
				COMBINE_HIDPI_IMAGES = YES;
				DEVELOPMENT_TEAM = P9KK452K8P;
				ENABLE_HARDENED_RUNTIME = YES;
				ENABLE_PREVIEWS = YES;
				INFOPLIST_FILE = macOS/Info.plist;
				LD_RUNPATH_SEARCH_PATHS = (
					"$(inherited)",
					"@executable_path/../Frameworks",
				);
				MACOSX_DEPLOYMENT_TARGET = 11.0;
				PRODUCT_BUNDLE_IDENTIFIER = "sirilee.dota2-info-mac";
				PRODUCT_NAME = dota2_info;
				SDKROOT = macosx;
				SWIFT_VERSION = 5.0;
			};
			name = Debug;
		};
		25BE0F4C25DD5D0D005B5664 /* Release */ = {
			isa = XCBuildConfiguration;
			buildSettings = {
				ASSETCATALOG_COMPILER_APPICON_NAME = AppIcon;
				ASSETCATALOG_COMPILER_GLOBAL_ACCENT_COLOR_NAME = AccentColor;
				CODE_SIGN_ENTITLEMENTS = macOS/macOS.entitlements;
				CODE_SIGN_STYLE = Automatic;
				COMBINE_HIDPI_IMAGES = YES;
				DEVELOPMENT_TEAM = P9KK452K8P;
				ENABLE_HARDENED_RUNTIME = YES;
				ENABLE_PREVIEWS = YES;
				INFOPLIST_FILE = macOS/Info.plist;
				LD_RUNPATH_SEARCH_PATHS = (
					"$(inherited)",
					"@executable_path/../Frameworks",
				);
				MACOSX_DEPLOYMENT_TARGET = 11.0;
				PRODUCT_BUNDLE_IDENTIFIER = "sirilee.dota2-info-mac";
				PRODUCT_NAME = dota2_info;
				SDKROOT = macosx;
				SWIFT_VERSION = 5.0;
			};
			name = Release;
		};
		25BE0F4E25DD5D0D005B5664 /* Debug */ = {
			isa = XCBuildConfiguration;
			buildSettings = {
				ALWAYS_EMBED_SWIFT_STANDARD_LIBRARIES = YES;
				CODE_SIGN_STYLE = Automatic;
				DEVELOPMENT_TEAM = P9KK452K8P;
				INFOPLIST_FILE = "Tests iOS/Info.plist";
				IPHONEOS_DEPLOYMENT_TARGET = 14.3;
				LD_RUNPATH_SEARCH_PATHS = (
					"$(inherited)",
					"@executable_path/Frameworks",
					"@loader_path/Frameworks",
				);
				PRODUCT_BUNDLE_IDENTIFIER = "sirilee.Tests-iOS";
				PRODUCT_NAME = "$(TARGET_NAME)";
				SDKROOT = iphoneos;
				SWIFT_VERSION = 5.0;
				TARGETED_DEVICE_FAMILY = "1,2";
				TEST_TARGET_NAME = "dota2_info (iOS)";
			};
			name = Debug;
		};
		25BE0F4F25DD5D0D005B5664 /* Release */ = {
			isa = XCBuildConfiguration;
			buildSettings = {
				ALWAYS_EMBED_SWIFT_STANDARD_LIBRARIES = YES;
				CODE_SIGN_STYLE = Automatic;
				DEVELOPMENT_TEAM = P9KK452K8P;
				INFOPLIST_FILE = "Tests iOS/Info.plist";
				IPHONEOS_DEPLOYMENT_TARGET = 14.3;
				LD_RUNPATH_SEARCH_PATHS = (
					"$(inherited)",
					"@executable_path/Frameworks",
					"@loader_path/Frameworks",
				);
				PRODUCT_BUNDLE_IDENTIFIER = "sirilee.Tests-iOS";
				PRODUCT_NAME = "$(TARGET_NAME)";
				SDKROOT = iphoneos;
				SWIFT_VERSION = 5.0;
				TARGETED_DEVICE_FAMILY = "1,2";
				TEST_TARGET_NAME = "dota2_info (iOS)";
				VALIDATE_PRODUCT = YES;
			};
			name = Release;
		};
		25BE0F5125DD5D0D005B5664 /* Debug */ = {
			isa = XCBuildConfiguration;
			buildSettings = {
				ALWAYS_EMBED_SWIFT_STANDARD_LIBRARIES = YES;
				CODE_SIGN_STYLE = Automatic;
				COMBINE_HIDPI_IMAGES = YES;
				DEVELOPMENT_TEAM = P9KK452K8P;
				INFOPLIST_FILE = "Tests macOS/Info.plist";
				LD_RUNPATH_SEARCH_PATHS = (
					"$(inherited)",
					"@executable_path/../Frameworks",
					"@loader_path/../Frameworks",
				);
				MACOSX_DEPLOYMENT_TARGET = 11.1;
				PRODUCT_BUNDLE_IDENTIFIER = "sirilee.Tests-macOS";
				PRODUCT_NAME = "$(TARGET_NAME)";
				SDKROOT = macosx;
				SWIFT_VERSION = 5.0;
				TEST_TARGET_NAME = "dota2_info (macOS)";
			};
			name = Debug;
		};
		25BE0F5225DD5D0D005B5664 /* Release */ = {
			isa = XCBuildConfiguration;
			buildSettings = {
				ALWAYS_EMBED_SWIFT_STANDARD_LIBRARIES = YES;
				CODE_SIGN_STYLE = Automatic;
				COMBINE_HIDPI_IMAGES = YES;
				DEVELOPMENT_TEAM = P9KK452K8P;
				INFOPLIST_FILE = "Tests macOS/Info.plist";
				LD_RUNPATH_SEARCH_PATHS = (
					"$(inherited)",
					"@executable_path/../Frameworks",
					"@loader_path/../Frameworks",
				);
				MACOSX_DEPLOYMENT_TARGET = 11.1;
				PRODUCT_BUNDLE_IDENTIFIER = "sirilee.Tests-macOS";
				PRODUCT_NAME = "$(TARGET_NAME)";
				SDKROOT = macosx;
				SWIFT_VERSION = 5.0;
				TEST_TARGET_NAME = "dota2_info (macOS)";
			};
			name = Release;
		};
/* End XCBuildConfiguration section */

/* Begin XCConfigurationList section */
		25BE0F0D25DD5D0C005B5664 /* Build configuration list for PBXProject "dota2_info" */ = {
			isa = XCConfigurationList;
			buildConfigurations = (
				25BE0F4525DD5D0D005B5664 /* Debug */,
				25BE0F4625DD5D0D005B5664 /* Release */,
			);
			defaultConfigurationIsVisible = 0;
			defaultConfigurationName = Release;
		};
		25BE0F4725DD5D0D005B5664 /* Build configuration list for PBXNativeTarget "dota2_info (iOS)" */ = {
			isa = XCConfigurationList;
			buildConfigurations = (
				25BE0F4825DD5D0D005B5664 /* Debug */,
				25BE0F4925DD5D0D005B5664 /* Release */,
			);
			defaultConfigurationIsVisible = 0;
			defaultConfigurationName = Release;
		};
		25BE0F4A25DD5D0D005B5664 /* Build configuration list for PBXNativeTarget "dota2_info (macOS)" */ = {
			isa = XCConfigurationList;
			buildConfigurations = (
				25BE0F4B25DD5D0D005B5664 /* Debug */,
				25BE0F4C25DD5D0D005B5664 /* Release */,
			);
			defaultConfigurationIsVisible = 0;
			defaultConfigurationName = Release;
		};
		25BE0F4D25DD5D0D005B5664 /* Build configuration list for PBXNativeTarget "Tests iOS" */ = {
			isa = XCConfigurationList;
			buildConfigurations = (
				25BE0F4E25DD5D0D005B5664 /* Debug */,
				25BE0F4F25DD5D0D005B5664 /* Release */,
			);
			defaultConfigurationIsVisible = 0;
			defaultConfigurationName = Release;
		};
		25BE0F5025DD5D0D005B5664 /* Build configuration list for PBXNativeTarget "Tests macOS" */ = {
			isa = XCConfigurationList;
			buildConfigurations = (
				25BE0F5125DD5D0D005B5664 /* Debug */,
				25BE0F5225DD5D0D005B5664 /* Release */,
			);
			defaultConfigurationIsVisible = 0;
			defaultConfigurationName = Release;
		};
/* End XCConfigurationList section */

/* Begin XCRemoteSwiftPackageReference section */
		25040AA325DE3C150015AA0C /* XCRemoteSwiftPackageReference "SwiftDate" */ = {
			isa = XCRemoteSwiftPackageReference;
			repositoryURL = "https://github.com/malcommac/SwiftDate";
			requirement = {
				kind = upToNextMajorVersion;
				minimumVersion = 6.3.1;
			};
		};
		2555C04F25E1426000994F5D /* XCRemoteSwiftPackageReference "SwiftDataTables" */ = {
			isa = XCRemoteSwiftPackageReference;
			repositoryURL = "https://github.com/pavankataria/SwiftDataTables";
			requirement = {
				kind = upToNextMajorVersion;
				minimumVersion = 0.8.2;
			};
		};
		2579938225DF821700DF6453 /* XCRemoteSwiftPackageReference "realm-cocoa" */ = {
			isa = XCRemoteSwiftPackageReference;
			repositoryURL = "https://github.com/realm/realm-cocoa";
			requirement = {
				kind = upToNextMajorVersion;
				minimumVersion = 10.6.0;
			};
		};
		257F803C25DD8C050087D339 /* XCRemoteSwiftPackageReference "Kingfisher" */ = {
			isa = XCRemoteSwiftPackageReference;
			repositoryURL = "https://github.com/onevcat/Kingfisher";
			requirement = {
				kind = upToNextMajorVersion;
				minimumVersion = 6.1.1;
			};
		};
/* End XCRemoteSwiftPackageReference section */

/* Begin XCSwiftPackageProductDependency section */
		25040AA425DE3C150015AA0C /* SwiftDate */ = {
			isa = XCSwiftPackageProductDependency;
			package = 25040AA325DE3C150015AA0C /* XCRemoteSwiftPackageReference "SwiftDate" */;
			productName = SwiftDate;
		};
		25040AAA25DE3CED0015AA0C /* SwiftDate */ = {
			isa = XCSwiftPackageProductDependency;
			package = 25040AA325DE3C150015AA0C /* XCRemoteSwiftPackageReference "SwiftDate" */;
			productName = SwiftDate;
		};
		2555C05025E1426000994F5D /* SwiftDataTables */ = {
			isa = XCSwiftPackageProductDependency;
			package = 2555C04F25E1426000994F5D /* XCRemoteSwiftPackageReference "SwiftDataTables" */;
			productName = SwiftDataTables;
		};
		2579938325DF821700DF6453 /* RealmSwift */ = {
			isa = XCSwiftPackageProductDependency;
			package = 2579938225DF821700DF6453 /* XCRemoteSwiftPackageReference "realm-cocoa" */;
			productName = RealmSwift;
		};
		2579938525DF821700DF6453 /* Realm */ = {
			isa = XCSwiftPackageProductDependency;
			package = 2579938225DF821700DF6453 /* XCRemoteSwiftPackageReference "realm-cocoa" */;
			productName = Realm;
		};
		2579938B25DF824E00DF6453 /* RealmSwift */ = {
			isa = XCSwiftPackageProductDependency;
			package = 2579938225DF821700DF6453 /* XCRemoteSwiftPackageReference "realm-cocoa" */;
			productName = RealmSwift;
		};
		257F803D25DD8C050087D339 /* Kingfisher */ = {
			isa = XCSwiftPackageProductDependency;
			package = 257F803C25DD8C050087D339 /* XCRemoteSwiftPackageReference "Kingfisher" */;
			productName = Kingfisher;
		};
		257F804425DD8F070087D339 /* Kingfisher */ = {
			isa = XCSwiftPackageProductDependency;
			package = 257F803C25DD8C050087D339 /* XCRemoteSwiftPackageReference "Kingfisher" */;
			productName = Kingfisher;
		};
/* End XCSwiftPackageProductDependency section */

/* Begin XCVersionGroup section */
		257993B925DF98F400DF6453 /* dota2_info.xcdatamodeld */ = {
			isa = XCVersionGroup;
			children = (
				257993BA25DF98F400DF6453 /* v2.xcdatamodel */,
				257993BB25DF98F400DF6453 /* Shared.xcdatamodel */,
			);
			currentVersion = 257993BB25DF98F400DF6453 /* Shared.xcdatamodel */;
			path = dota2_info.xcdatamodeld;
			sourceTree = "<group>";
			versionGroupType = wrapper.xcdatamodel;
		};
/* End XCVersionGroup section */
	};
	rootObject = 25BE0F0A25DD5D0C005B5664 /* Project object */;
}
